
Microsoft Visual Studio Solution File, Format Version 12.00
# Visual Studio Version 16
VisualStudioVersion = 16.0.29409.12
MinimumVisualStudioVersion = 10.0.40219.1
Project("{9A19103F-16F7-4668-BE54-9A1E7A4F7556}") = "Database", "Database.csproj", "{C566B742-0451-4604-9915-186FC12C64B8}"
EndProject
Global
	GlobalSection(SolutionConfigurationPlatforms) = preSolution
		Debug|Any CPU = Debug|Any CPU
		Release|Any CPU = Release|Any CPU
	EndGlobalSection
	GlobalSection(ProjectConfigurationPlatforms) = postSolution
		{C566B742-0451-4604-9915-186FC12C64B8}.Debug|Any CPU.ActiveCfg = Debug|Any CPU
		{C566B742-0451-4604-9915-186FC12C64B8}.Debug|Any CPU.Build.0 = Debug|Any CPU
		{C566B742-0451-4604-9915-186FC12C64B8}.Release|Any CPU.ActiveCfg = Release|Any CPU
		{C566B742-0451-4604-9915-186FC12C64B8}.Release|Any CPU.Build.0 = Release|Any CPU
	EndGlobalSection
	GlobalSection(SolutionProperties) = preSolution
		HideSolutionNode = FALSE
	EndGlobalSection
	GlobalSection(ExtensibilityGlobals) = postSolution
		SolutionGuid = {DADBB927-37EC-4CBB-9C0B-9B85A68A675C}
	EndGlobalSection
EndGlobal
